<?xml version="1.0" encoding="utf-8"?>
<Project ToolsVersion="4.0" xmlns="http://schemas.microsoft.com/developer/msbuild/2003">
  <ItemGroup>
    <ClInclude Include="type.h" />
    <ClInclude Include="MethodeNumerique.h" />
    <ClInclude Include="ModeleSysteme1.h" />
    <ClInclude Include="ModeleEANL.h" />
  </ItemGroup>
  <ItemGroup>
    <ClCompile Include="Main.cpp" />
    <ClCompile Include="MethodeNumerique.cpp" />
    <ClCompile Include="ModeleSysteme1.cpp" />
    <ClCompile Include="ModeleEANL.cpp" />
    <ClCompile Include="Fonctions.cpp" />
  </ItemGroup>
  <ItemGroup>
    <None Include="config_syst_1.dat" />
    <None Include="config_syst_2.dat" />
  </ItemGroup>
</Project>